
Microsoft Visual Studio Solution File, Format Version 12.00
# Visual Studio Version 17
VisualStudioVersion = 17.4.33213.308
MinimumVisualStudioVersion = 10.0.40219.1
Project("{FAE04EC0-301F-11D3-BF4B-00C04F79EFBC}") = "Zadanie5", "Zadanie5\Zadanie5.csproj", "{338DE8B4-4188-4A92-A622-23BABD7102F8}"
EndProject
Global
	GlobalSection(SolutionConfigurationPlatforms) = preSolution
		Debug|Any CPU = Debug|Any CPU
		Release|Any CPU = Release|Any CPU
	EndGlobalSection
	GlobalSection(ProjectConfigurationPlatforms) = postSolution
		{338DE8B4-4188-4A92-A622-23BABD7102F8}.Debug|Any CPU.ActiveCfg = Debug|Any CPU
		{338DE8B4-4188-4A92-A622-23BABD7102F8}.Debug|Any CPU.Build.0 = Debug|Any CPU
		{338DE8B4-4188-4A92-A622-23BABD7102F8}.Release|Any CPU.ActiveCfg = Release|Any CPU
		{338DE8B4-4188-4A92-A622-23BABD7102F8}.Release|Any CPU.Build.0 = Release|Any CPU
	EndGlobalSection
	GlobalSection(SolutionProperties) = preSolution
		HideSolutionNode = FALSE
	EndGlobalSection
	GlobalSection(ExtensibilityGlobals) = postSolution
		SolutionGuid = {BA364ACB-F2E8-4999-98FC-6D3182B6EF49}
	EndGlobalSection
EndGlobal
